
Microsoft Visual Studio Solution File, Format Version 12.00
# Visual Studio Version 16
VisualStudioVersion = 16.0.31105.61
MinimumVisualStudioVersion = 10.0.40219.1
Project("{FAE04EC0-301F-11D3-BF4B-00C04F79EFBC}") = "Project1", "Project1.csproj", "{7730F200-269E-4CAC-A4E7-AD842A58E09D}"
EndProject
Global
	GlobalSection(SolutionConfigurationPlatforms) = preSolution
		Debug|Any CPU = Debug|Any CPU
		Release|Any CPU = Release|Any CPU
	EndGlobalSection
	GlobalSection(ProjectConfigurationPlatforms) = postSolution
		{7730F200-269E-4CAC-A4E7-AD842A58E09D}.Debug|Any CPU.ActiveCfg = Debug|Any CPU
		{7730F200-269E-4CAC-A4E7-AD842A58E09D}.Debug|Any CPU.Build.0 = Debug|Any CPU
		{7730F200-269E-4CAC-A4E7-AD842A58E09D}.Release|Any CPU.ActiveCfg = Release|Any CPU
		{7730F200-269E-4CAC-A4E7-AD842A58E09D}.Release|Any CPU.Build.0 = Release|Any CPU
	EndGlobalSection
	GlobalSection(SolutionProperties) = preSolution
		HideSolutionNode = FALSE
	EndGlobalSection
	GlobalSection(ExtensibilityGlobals) = postSolution
		SolutionGuid = {66596AAC-7DC9-41DD-AE77-AC1609A7D67C}
	EndGlobalSection
EndGlobal
